
Microsoft Visual Studio Solution File, Format Version 12.00
# Visual Studio Version 17
VisualStudioVersion = 17.0.31912.275
MinimumVisualStudioVersion = 10.0.40219.1
Project("{888888A0-9F3D-457C-B088-3A5042F75D52}") = "BitcoinPoller", "BitcoinPoller\BitcoinPoller.pyproj", "{C98D80A9-2D99-4C3C-951C-913CA48DC334}"
EndProject
Global
	GlobalSection(SolutionConfigurationPlatforms) = preSolution
		Debug|Any CPU = Debug|Any CPU
		Release|Any CPU = Release|Any CPU
	EndGlobalSection
	GlobalSection(ProjectConfigurationPlatforms) = postSolution
		{C98D80A9-2D99-4C3C-951C-913CA48DC334}.Debug|Any CPU.ActiveCfg = Debug|Any CPU
		{C98D80A9-2D99-4C3C-951C-913CA48DC334}.Release|Any CPU.ActiveCfg = Release|Any CPU
	EndGlobalSection
	GlobalSection(SolutionProperties) = preSolution
		HideSolutionNode = FALSE
	EndGlobalSection
	GlobalSection(ExtensibilityGlobals) = postSolution
		SolutionGuid = {4D7F9A2A-4FD7-4011-B1B3-2DFEF24D0C23}
	EndGlobalSection
EndGlobal
